
Microsoft Visual Studio Solution File, Format Version 12.00
Project("{2150E333-8FDC-42A3-9474-1A3956D46DE8}") = "Core", "Core", "{889A5E30-0388-414A-8FF3-F201018D09D6}"
EndProject
Project("{2150E333-8FDC-42A3-9474-1A3956D46DE8}") = "Infrastructure", "Infrastructure", "{A3B659AD-FF60-48CC-BD98-83E1343F9E36}"
EndProject
Project("{2150E333-8FDC-42A3-9474-1A3956D46DE8}") = "Presentation", "Presentation", "{32DA4E56-6A8E-4E62-A151-2FCE797A92C3}"
EndProject
Project("{FAE04EC0-301F-11D3-BF4B-00C04F79EFBC}") = "RealTime.Application", "src\RealTime.Application\RealTime.Application.csproj", "{A7BA99B0-22FB-444D-8ED4-6B6E8CD934DE}"
EndProject
Project("{FAE04EC0-301F-11D3-BF4B-00C04F79EFBC}") = "RealTime.Infrastructure", "src\RealTime.Infrastructure\RealTime.Infrastructure.csproj", "{8CA31D49-73AB-4D7D-9F95-F0971FBA9D99}"
EndProject
Project("{FAE04EC0-301F-11D3-BF4B-00C04F79EFBC}") = "RealTime.Domain", "src\RealTime.Domain\RealTime.Domain.csproj", "{AE32C582-B6D2-4B0A-8DDC-0EC74059496E}"
EndProject
Project("{FAE04EC0-301F-11D3-BF4B-00C04F79EFBC}") = "RealTime.API", "src\RealTime.API\RealTime.API.csproj", "{BEF2619B-4EE9-4E33-AAD8-955ED0D835FE}"
EndProject
Project("{2150E333-8FDC-42A3-9474-1A3956D46DE8}") = "Tests", "Tests", "{3E862ACE-2D43-4BE6-BD98-0EB70006010D}"
EndProject
Project("{FAE04EC0-301F-11D3-BF4B-00C04F79EFBC}") = "RealTime.UnitTest", "tests\RealTime.UnitTest\RealTime.UnitTest.csproj", "{9BBB020A-16AA-4A22-B43E-9E6519271861}"
EndProject
Project("{FAE04EC0-301F-11D3-BF4B-00C04F79EFBC}") = "RealTime.IntegrationTest", "tests\RealTime.IntegrationTest\RealTime.IntegrationTest.csproj", "{54C2CE29-5879-4011-81AB-F4FC98461936}"
EndProject
Project("{FAE04EC0-301F-11D3-BF4B-00C04F79EFBC}") = "RealTime.ConsoleClient", "src\RealTime.ConsoleClient\RealTime.ConsoleClient.csproj", "{0E40E723-1411-42FA-91F6-83C13C613AE4}"
EndProject
Project("{FAE04EC0-301F-11D3-BF4B-00C04F79EFBC}") = "RealTime.Silo", "src\RealTime.Silo\RealTime.Silo.csproj", "{110CE689-3E99-433A-AC71-F12B55244DDE}"
EndProject
Project("{2150E333-8FDC-42A3-9474-1A3956D46DE8}") = "Solution Items", "Solution Items", "{CAF4B974-C601-4425-9A59-2403E230DF49}"
	ProjectSection(SolutionItems) = preProject
		compose.yaml = compose.yaml
		Makefile = Makefile
		README.md = README.md
	EndProjectSection
EndProject
Global
	GlobalSection(SolutionConfigurationPlatforms) = preSolution
		Debug|Any CPU = Debug|Any CPU
		Release|Any CPU = Release|Any CPU
	EndGlobalSection
	GlobalSection(NestedProjects) = preSolution
		{A7BA99B0-22FB-444D-8ED4-6B6E8CD934DE} = {889A5E30-0388-414A-8FF3-F201018D09D6}
		{8CA31D49-73AB-4D7D-9F95-F0971FBA9D99} = {A3B659AD-FF60-48CC-BD98-83E1343F9E36}
		{AE32C582-B6D2-4B0A-8DDC-0EC74059496E} = {889A5E30-0388-414A-8FF3-F201018D09D6}
		{BEF2619B-4EE9-4E33-AAD8-955ED0D835FE} = {32DA4E56-6A8E-4E62-A151-2FCE797A92C3}
		{9BBB020A-16AA-4A22-B43E-9E6519271861} = {3E862ACE-2D43-4BE6-BD98-0EB70006010D}
		{54C2CE29-5879-4011-81AB-F4FC98461936} = {3E862ACE-2D43-4BE6-BD98-0EB70006010D}
		{0E40E723-1411-42FA-91F6-83C13C613AE4} = {32DA4E56-6A8E-4E62-A151-2FCE797A92C3}
		{110CE689-3E99-433A-AC71-F12B55244DDE} = {A3B659AD-FF60-48CC-BD98-83E1343F9E36}
	EndGlobalSection
	GlobalSection(ProjectConfigurationPlatforms) = postSolution
		{A7BA99B0-22FB-444D-8ED4-6B6E8CD934DE}.Debug|Any CPU.ActiveCfg = Debug|Any CPU
		{A7BA99B0-22FB-444D-8ED4-6B6E8CD934DE}.Debug|Any CPU.Build.0 = Debug|Any CPU
		{A7BA99B0-22FB-444D-8ED4-6B6E8CD934DE}.Release|Any CPU.ActiveCfg = Release|Any CPU
		{A7BA99B0-22FB-444D-8ED4-6B6E8CD934DE}.Release|Any CPU.Build.0 = Release|Any CPU
		{8CA31D49-73AB-4D7D-9F95-F0971FBA9D99}.Debug|Any CPU.ActiveCfg = Debug|Any CPU
		{8CA31D49-73AB-4D7D-9F95-F0971FBA9D99}.Debug|Any CPU.Build.0 = Debug|Any CPU
		{8CA31D49-73AB-4D7D-9F95-F0971FBA9D99}.Release|Any CPU.ActiveCfg = Release|Any CPU
		{8CA31D49-73AB-4D7D-9F95-F0971FBA9D99}.Release|Any CPU.Build.0 = Release|Any CPU
		{AE32C582-B6D2-4B0A-8DDC-0EC74059496E}.Debug|Any CPU.ActiveCfg = Debug|Any CPU
		{AE32C582-B6D2-4B0A-8DDC-0EC74059496E}.Debug|Any CPU.Build.0 = Debug|Any CPU
		{AE32C582-B6D2-4B0A-8DDC-0EC74059496E}.Release|Any CPU.ActiveCfg = Release|Any CPU
		{AE32C582-B6D2-4B0A-8DDC-0EC74059496E}.Release|Any CPU.Build.0 = Release|Any CPU
		{BEF2619B-4EE9-4E33-AAD8-955ED0D835FE}.Debug|Any CPU.ActiveCfg = Debug|Any CPU
		{BEF2619B-4EE9-4E33-AAD8-955ED0D835FE}.Debug|Any CPU.Build.0 = Debug|Any CPU
		{BEF2619B-4EE9-4E33-AAD8-955ED0D835FE}.Release|Any CPU.ActiveCfg = Release|Any CPU
		{BEF2619B-4EE9-4E33-AAD8-955ED0D835FE}.Release|Any CPU.Build.0 = Release|Any CPU
		{9BBB020A-16AA-4A22-B43E-9E6519271861}.Debug|Any CPU.ActiveCfg = Debug|Any CPU
		{9BBB020A-16AA-4A22-B43E-9E6519271861}.Debug|Any CPU.Build.0 = Debug|Any CPU
		{9BBB020A-16AA-4A22-B43E-9E6519271861}.Release|Any CPU.ActiveCfg = Release|Any CPU
		{9BBB020A-16AA-4A22-B43E-9E6519271861}.Release|Any CPU.Build.0 = Release|Any CPU
		{54C2CE29-5879-4011-81AB-F4FC98461936}.Debug|Any CPU.ActiveCfg = Debug|Any CPU
		{54C2CE29-5879-4011-81AB-F4FC98461936}.Debug|Any CPU.Build.0 = Debug|Any CPU
		{54C2CE29-5879-4011-81AB-F4FC98461936}.Release|Any CPU.ActiveCfg = Release|Any CPU
		{54C2CE29-5879-4011-81AB-F4FC98461936}.Release|Any CPU.Build.0 = Release|Any CPU
		{0E40E723-1411-42FA-91F6-83C13C613AE4}.Debug|Any CPU.ActiveCfg = Debug|Any CPU
		{0E40E723-1411-42FA-91F6-83C13C613AE4}.Debug|Any CPU.Build.0 = Debug|Any CPU
		{0E40E723-1411-42FA-91F6-83C13C613AE4}.Release|Any CPU.ActiveCfg = Release|Any CPU
		{0E40E723-1411-42FA-91F6-83C13C613AE4}.Release|Any CPU.Build.0 = Release|Any CPU
		{110CE689-3E99-433A-AC71-F12B55244DDE}.Debug|Any CPU.ActiveCfg = Debug|Any CPU
		{110CE689-3E99-433A-AC71-F12B55244DDE}.Debug|Any CPU.Build.0 = Debug|Any CPU
		{110CE689-3E99-433A-AC71-F12B55244DDE}.Release|Any CPU.ActiveCfg = Release|Any CPU
		{110CE689-3E99-433A-AC71-F12B55244DDE}.Release|Any CPU.Build.0 = Release|Any CPU
	EndGlobalSection
EndGlobal
